
Microsoft Visual Studio Solution File, Format Version 12.00
Project("{FAE04EC0-301F-11D3-BF4B-00C04F79EFBC}") = "Kata1_Level1_Striped", "Kata1_Level1_Striped\Kata1_Level1_Striped.csproj", "{3170B84C-4757-47D9-A518-AD31E3DAABE5}"
EndProject
Project("{FAE04EC0-301F-11D3-BF4B-00C04F79EFBC}") = "Kata1_Level2_Orange", "Kata1_Level2_Orange\Kata1_Level2_Orange.csproj", "{F39EAB35-E10A-4E85-AA56-7D5743BC5AFB}"
EndProject
Global
	GlobalSection(SolutionConfigurationPlatforms) = preSolution
		Debug|Any CPU = Debug|Any CPU
		Release|Any CPU = Release|Any CPU
	EndGlobalSection
	GlobalSection(ProjectConfigurationPlatforms) = postSolution
		{3170B84C-4757-47D9-A518-AD31E3DAABE5}.Debug|Any CPU.ActiveCfg = Debug|Any CPU
		{3170B84C-4757-47D9-A518-AD31E3DAABE5}.Debug|Any CPU.Build.0 = Debug|Any CPU
		{3170B84C-4757-47D9-A518-AD31E3DAABE5}.Release|Any CPU.ActiveCfg = Release|Any CPU
		{3170B84C-4757-47D9-A518-AD31E3DAABE5}.Release|Any CPU.Build.0 = Release|Any CPU
		{F39EAB35-E10A-4E85-AA56-7D5743BC5AFB}.Debug|Any CPU.ActiveCfg = Debug|Any CPU
		{F39EAB35-E10A-4E85-AA56-7D5743BC5AFB}.Debug|Any CPU.Build.0 = Debug|Any CPU
		{F39EAB35-E10A-4E85-AA56-7D5743BC5AFB}.Release|Any CPU.ActiveCfg = Release|Any CPU
		{F39EAB35-E10A-4E85-AA56-7D5743BC5AFB}.Release|Any CPU.Build.0 = Release|Any CPU
	EndGlobalSection
EndGlobal
